
Microsoft Visual Studio Solution File, Format Version 12.00
# Visual Studio Version 16
VisualStudioVersion = 16.0.29418.71
MinimumVisualStudioVersion = 10.0.40219.1
Project("{FAE04EC0-301F-11D3-BF4B-00C04F79EFBC}") = "test_task_vita", "test_task_vita.csproj", "{E2B0E26C-DF22-4A68-AB97-E70D7236C697}"
EndProject
Global
	GlobalSection(SolutionConfigurationPlatforms) = preSolution
		Debug|Any CPU = Debug|Any CPU
		Release|Any CPU = Release|Any CPU
	EndGlobalSection
	GlobalSection(ProjectConfigurationPlatforms) = postSolution
		{E2B0E26C-DF22-4A68-AB97-E70D7236C697}.Debug|Any CPU.ActiveCfg = Debug|Any CPU
		{E2B0E26C-DF22-4A68-AB97-E70D7236C697}.Debug|Any CPU.Build.0 = Debug|Any CPU
		{E2B0E26C-DF22-4A68-AB97-E70D7236C697}.Release|Any CPU.ActiveCfg = Release|Any CPU
		{E2B0E26C-DF22-4A68-AB97-E70D7236C697}.Release|Any CPU.Build.0 = Release|Any CPU
	EndGlobalSection
	GlobalSection(SolutionProperties) = preSolution
		HideSolutionNode = FALSE
	EndGlobalSection
	GlobalSection(ExtensibilityGlobals) = postSolution
		SolutionGuid = {2348195B-92CD-445D-8DA5-7C0FEFE45EB7}
	EndGlobalSection
EndGlobal
